
Microsoft Visual Studio Solution File, Format Version 12.00
# Visual Studio 15
VisualStudioVersion = 15.0.28307.572
MinimumVisualStudioVersion = 10.0.40219.1
Project("{FAE04EC0-301F-11D3-BF4B-00C04F79EFBC}") = "Lafrancol.SoluEventos.Soporte.Entidades", "Lafrancol.SoluEventos.Soporte.Entidades\Lafrancol.SoluEventos.Soporte.Entidades.csproj", "{8FB89C8D-A85D-4175-854A-F2A7DCC5AED4}"
EndProject
Global
	GlobalSection(SolutionConfigurationPlatforms) = preSolution
		Debug|Any CPU = Debug|Any CPU
		Release|Any CPU = Release|Any CPU
	EndGlobalSection
	GlobalSection(ProjectConfigurationPlatforms) = postSolution
		{8FB89C8D-A85D-4175-854A-F2A7DCC5AED4}.Debug|Any CPU.ActiveCfg = Debug|Any CPU
		{8FB89C8D-A85D-4175-854A-F2A7DCC5AED4}.Debug|Any CPU.Build.0 = Debug|Any CPU
		{8FB89C8D-A85D-4175-854A-F2A7DCC5AED4}.Release|Any CPU.ActiveCfg = Release|Any CPU
		{8FB89C8D-A85D-4175-854A-F2A7DCC5AED4}.Release|Any CPU.Build.0 = Release|Any CPU
	EndGlobalSection
	GlobalSection(SolutionProperties) = preSolution
		HideSolutionNode = FALSE
	EndGlobalSection
	GlobalSection(ExtensibilityGlobals) = postSolution
		SolutionGuid = {AB7D57BE-610E-473C-973F-FBD36944C9BA}
	EndGlobalSection
EndGlobal
