
Microsoft Visual Studio Solution File, Format Version 12.00
# Visual Studio 15
VisualStudioVersion = 15.0.28307.572
MinimumVisualStudioVersion = 10.0.40219.1
Project("{FAE04EC0-301F-11D3-BF4B-00C04F79EFBC}") = "Lafrancol.SoluEventos.Vista", "Lafrancol.SoluEventos.Vista\Lafrancol.SoluEventos.Vista.csproj", "{A4BEDC1C-87CF-423B-8056-C9E9C90EB6EF}"
EndProject
Project("{2150E333-8FDC-42A3-9474-1A3956D46DE8}") = "Lafrancol.SoluEventos.Vista", "Lafrancol.SoluEventos.Vista", "{45F59798-94F2-486B-BB11-DEA93391DD02}"
EndProject
Project("{2150E333-8FDC-42A3-9474-1A3956D46DE8}") = "Lafrancol.SoluEventos.Controlador", "Lafrancol.SoluEventos.Controlador", "{64C84F32-0267-464C-80B4-DB83B945F94C}"
EndProject
Project("{2150E333-8FDC-42A3-9474-1A3956D46DE8}") = "Lafrancol.SoluEventos.Dominio", "Lafrancol.SoluEventos.Dominio", "{8C93CCB2-F7A6-46A4-9680-B5B38C02607F}"
EndProject
Project("{2150E333-8FDC-42A3-9474-1A3956D46DE8}") = "Lafrancol.SoluEventos.Soporte", "Lafrancol.SoluEventos.Soporte", "{342ACCE1-E379-4614-8CAB-AAC3BBA446B2}"
EndProject
Project("{FAE04EC0-301F-11D3-BF4B-00C04F79EFBC}") = "Lafrancol.SoluEventos.Soporte.Entidades", "..\..\Lafrancol.SoluEventos.Soporte\Dto\Lafrancol.SoluEventos.Soporte.Dto\Lafrancol.SoluEventos.Soporte.Entidades.csproj", "{8FB89C8D-A85D-4175-854A-F2A7DCC5AED4}"
EndProject
Project("{FAE04EC0-301F-11D3-BF4B-00C04F79EFBC}") = "Lafrancol.SoluEventos.Controlador", "..\..\Lafrancol.SoluEventos.Controlador\Lafrancol.SoluEventos.Controlador\Lafrancol.SoluEventos.Controlador.csproj", "{0E54DE54-BD82-49D3-9B85-5454BA912A7D}"
EndProject
Project("{FAE04EC0-301F-11D3-BF4B-00C04F79EFBC}") = "Lafrancol.SoluEventos.Dominio", "..\..\Lafrancol.SoluEventos.Dominio\Lafrancol.SoluEventos.Dominio.csproj", "{74AE3581-7010-4C02-B588-03B3CCEF66F9}"
EndProject
Global
	GlobalSection(SolutionConfigurationPlatforms) = preSolution
		Debug|Any CPU = Debug|Any CPU
		Release|Any CPU = Release|Any CPU
	EndGlobalSection
	GlobalSection(ProjectConfigurationPlatforms) = postSolution
		{A4BEDC1C-87CF-423B-8056-C9E9C90EB6EF}.Debug|Any CPU.ActiveCfg = Debug|Any CPU
		{A4BEDC1C-87CF-423B-8056-C9E9C90EB6EF}.Debug|Any CPU.Build.0 = Debug|Any CPU
		{A4BEDC1C-87CF-423B-8056-C9E9C90EB6EF}.Release|Any CPU.ActiveCfg = Release|Any CPU
		{A4BEDC1C-87CF-423B-8056-C9E9C90EB6EF}.Release|Any CPU.Build.0 = Release|Any CPU
		{8FB89C8D-A85D-4175-854A-F2A7DCC5AED4}.Debug|Any CPU.ActiveCfg = Debug|Any CPU
		{8FB89C8D-A85D-4175-854A-F2A7DCC5AED4}.Debug|Any CPU.Build.0 = Debug|Any CPU
		{8FB89C8D-A85D-4175-854A-F2A7DCC5AED4}.Release|Any CPU.ActiveCfg = Release|Any CPU
		{8FB89C8D-A85D-4175-854A-F2A7DCC5AED4}.Release|Any CPU.Build.0 = Release|Any CPU
		{0E54DE54-BD82-49D3-9B85-5454BA912A7D}.Debug|Any CPU.ActiveCfg = Debug|Any CPU
		{0E54DE54-BD82-49D3-9B85-5454BA912A7D}.Debug|Any CPU.Build.0 = Debug|Any CPU
		{0E54DE54-BD82-49D3-9B85-5454BA912A7D}.Release|Any CPU.ActiveCfg = Release|Any CPU
		{0E54DE54-BD82-49D3-9B85-5454BA912A7D}.Release|Any CPU.Build.0 = Release|Any CPU
		{74AE3581-7010-4C02-B588-03B3CCEF66F9}.Debug|Any CPU.ActiveCfg = Debug|Any CPU
		{74AE3581-7010-4C02-B588-03B3CCEF66F9}.Debug|Any CPU.Build.0 = Debug|Any CPU
		{74AE3581-7010-4C02-B588-03B3CCEF66F9}.Release|Any CPU.ActiveCfg = Release|Any CPU
		{74AE3581-7010-4C02-B588-03B3CCEF66F9}.Release|Any CPU.Build.0 = Release|Any CPU
	EndGlobalSection
	GlobalSection(SolutionProperties) = preSolution
		HideSolutionNode = FALSE
	EndGlobalSection
	GlobalSection(NestedProjects) = preSolution
		{A4BEDC1C-87CF-423B-8056-C9E9C90EB6EF} = {45F59798-94F2-486B-BB11-DEA93391DD02}
		{8FB89C8D-A85D-4175-854A-F2A7DCC5AED4} = {342ACCE1-E379-4614-8CAB-AAC3BBA446B2}
		{0E54DE54-BD82-49D3-9B85-5454BA912A7D} = {64C84F32-0267-464C-80B4-DB83B945F94C}
		{74AE3581-7010-4C02-B588-03B3CCEF66F9} = {8C93CCB2-F7A6-46A4-9680-B5B38C02607F}
	EndGlobalSection
	GlobalSection(ExtensibilityGlobals) = postSolution
		SolutionGuid = {A7F28C23-75B8-4F3E-BC2A-45F97F02689F}
	EndGlobalSection
EndGlobal
